
Microsoft Visual Studio Solution File, Format Version 12.00
# Visual Studio Version 16
VisualStudioVersion = 16.0.31624.102
MinimumVisualStudioVersion = 10.0.40219.1
Project("{FAE04EC0-301F-11D3-BF4B-00C04F79EFBC}") = "Project B", "Project B\Project B.csproj", "{4BDE8174-8C1F-4BA5-A625-490CB97EC044}"
EndProject
Global
	GlobalSection(SolutionConfigurationPlatforms) = preSolution
		Debug|Any CPU = Debug|Any CPU
		Release|Any CPU = Release|Any CPU
	EndGlobalSection
	GlobalSection(ProjectConfigurationPlatforms) = postSolution
		{4BDE8174-8C1F-4BA5-A625-490CB97EC044}.Debug|Any CPU.ActiveCfg = Debug|Any CPU
		{4BDE8174-8C1F-4BA5-A625-490CB97EC044}.Debug|Any CPU.Build.0 = Debug|Any CPU
		{4BDE8174-8C1F-4BA5-A625-490CB97EC044}.Release|Any CPU.ActiveCfg = Release|Any CPU
		{4BDE8174-8C1F-4BA5-A625-490CB97EC044}.Release|Any CPU.Build.0 = Release|Any CPU
	EndGlobalSection
	GlobalSection(SolutionProperties) = preSolution
		HideSolutionNode = FALSE
	EndGlobalSection
	GlobalSection(ExtensibilityGlobals) = postSolution
		SolutionGuid = {CA38BFDF-F894-42BE-A08D-1B786516D66E}
	EndGlobalSection
EndGlobal
